// !$*UTF8*$!
{
	archiveVersion = 1;
	classes = {
	};
	objectVersion = 56;
	objects = {

/* Begin PBXBuildFile section */
		6A7BF392AEC15FC42DB50003 /* Pods_NNSCANNERTests.framework in Frameworks */ = {isa = PBXBuildFile; fileRef = EA07D9A791145496659F0B40 /* Pods_NNSCANNERTests.framework */; };
		741DBCCA07E2F1D64DBF19C6 /* Pods_NNSCANNER_NNSCANNERUITests.framework in Frameworks */ = {isa = PBXBuildFile; fileRef = DB6619B90949C54770A14062 /* Pods_NNSCANNER_NNSCANNERUITests.framework */; };
		7908066229F05A7D008D3845 /* HomeView+TableView.swift in Sources */ = {isa = PBXBuildFile; fileRef = 7908066129F05A7D008D3845 /* HomeView+TableView.swift */; };
		7908066529F05B47008D3845 /* HomeView+PDFKit.swift in Sources */ = {isa = PBXBuildFile; fileRef = 7908066429F05B47008D3845 /* HomeView+PDFKit.swift */; };
		7908066729F05C76008D3845 /* ScanView+ImagePicker.swift in Sources */ = {isa = PBXBuildFile; fileRef = 7908066629F05C76008D3845 /* ScanView+ImagePicker.swift */; };
		792E5E2129ED9A690022404B /* WeScan in Frameworks */ = {isa = PBXBuildFile; productRef = 792E5E2029ED9A690022404B /* WeScan */; };
		7943353129F0AA9C00648023 /* HomeView+SearchBar.swift in Sources */ = {isa = PBXBuildFile; fileRef = 7943353029F0AA9C00648023 /* HomeView+SearchBar.swift */; };
		795C21BA29ED7D7A00700E21 /* HomeViewController.swift in Sources */ = {isa = PBXBuildFile; fileRef = 795C21B829ED7D7A00700E21 /* HomeViewController.swift */; };
		795C21BB29ED7D7A00700E21 /* HomeViewController.xib in Resources */ = {isa = PBXBuildFile; fileRef = 795C21B929ED7D7A00700E21 /* HomeViewController.xib */; };
		795C21BD29ED94A100700E21 /* HomeTabBar.swift in Sources */ = {isa = PBXBuildFile; fileRef = 795C21BC29ED94A100700E21 /* HomeTabBar.swift */; };
		795C21C029ED94E400700E21 /* UIColor.swift in Sources */ = {isa = PBXBuildFile; fileRef = 795C21BF29ED94E400700E21 /* UIColor.swift */; };
		795C2B5D29EE358D003A8B1D /* PDFViewController.swift in Sources */ = {isa = PBXBuildFile; fileRef = 795C2B5C29EE358D003A8B1D /* PDFViewController.swift */; };
		795C2B6029EE4069003A8B1D /* ExportViewController.swift in Sources */ = {isa = PBXBuildFile; fileRef = 795C2B5F29EE4069003A8B1D /* ExportViewController.swift */; };
		795C2B6229EE4B3F003A8B1D /* UIImage.swift in Sources */ = {isa = PBXBuildFile; fileRef = 795C2B6129EE4B3F003A8B1D /* UIImage.swift */; };
		795C2B6429EE4B7C003A8B1D /* CGSize.swift in Sources */ = {isa = PBXBuildFile; fileRef = 795C2B6329EE4B7C003A8B1D /* CGSize.swift */; };
		797B99D529EF903500CCD28C /* ScanViewController.swift in Sources */ = {isa = PBXBuildFile; fileRef = 797B99D429EF903500CCD28C /* ScanViewController.swift */; };
		797B99D729EF95A100CCD28C /* UIViewController.swift in Sources */ = {isa = PBXBuildFile; fileRef = 797B99D629EF95A100CCD28C /* UIViewController.swift */; };
		797B99DB29EF9AC800CCD28C /* SettingsViewController.swift in Sources */ = {isa = PBXBuildFile; fileRef = 797B99D929EF9AC800CCD28C /* SettingsViewController.swift */; };
		797B99DC29EF9AC800CCD28C /* SettingsViewController.xib in Resources */ = {isa = PBXBuildFile; fileRef = 797B99DA29EF9AC800CCD28C /* SettingsViewController.xib */; };
		79E465CD29EEE52800A42D2E /* PDFTableViewCell.swift in Sources */ = {isa = PBXBuildFile; fileRef = 79E465CB29EEE52800A42D2E /* PDFTableViewCell.swift */; };
		79E465CE29EEE52800A42D2E /* PDFTableViewCell.xib in Resources */ = {isa = PBXBuildFile; fileRef = 79E465CC29EEE52800A42D2E /* PDFTableViewCell.xib */; };
		79E6D92729ED3BBE00530CD2 /* AppDelegate.swift in Sources */ = {isa = PBXBuildFile; fileRef = 79E6D92629ED3BBE00530CD2 /* AppDelegate.swift */; };
		79E6D92929ED3BBE00530CD2 /* SceneDelegate.swift in Sources */ = {isa = PBXBuildFile; fileRef = 79E6D92829ED3BBE00530CD2 /* SceneDelegate.swift */; };
		79E6D93029ED3BBF00530CD2 /* Assets.xcassets in Resources */ = {isa = PBXBuildFile; fileRef = 79E6D92F29ED3BBF00530CD2 /* Assets.xcassets */; };
		79E6D93329ED3BBF00530CD2 /* LaunchScreen.storyboard in Resources */ = {isa = PBXBuildFile; fileRef = 79E6D93129ED3BBF00530CD2 /* LaunchScreen.storyboard */; };
		79E6D93E29ED3BBF00530CD2 /* NNSCANNERTests.swift in Sources */ = {isa = PBXBuildFile; fileRef = 79E6D93D29ED3BBF00530CD2 /* NNSCANNERTests.swift */; };
		79E6D94829ED3BBF00530CD2 /* NNSCANNERUITests.swift in Sources */ = {isa = PBXBuildFile; fileRef = 79E6D94729ED3BBF00530CD2 /* NNSCANNERUITests.swift */; };
		79E6D94A29ED3BBF00530CD2 /* NNSCANNERUITestsLaunchTests.swift in Sources */ = {isa = PBXBuildFile; fileRef = 79E6D94929ED3BBF00530CD2 /* NNSCANNERUITestsLaunchTests.swift */; };
		E3B957230FFF04274369A4B0 /* Pods_NNSCANNER.framework in Frameworks */ = {isa = PBXBuildFile; fileRef = E2D2BDAD5C33D085D18DBFC0 /* Pods_NNSCANNER.framework */; };
/* End PBXBuildFile section */

/* Begin PBXContainerItemProxy section */
		79E6D93A29ED3BBF00530CD2 /* PBXContainerItemProxy */ = {
			isa = PBXContainerItemProxy;
			containerPortal = 79E6D91B29ED3BBE00530CD2 /* Project object */;
			proxyType = 1;
			remoteGlobalIDString = 79E6D92229ED3BBE00530CD2;
			remoteInfo = NNSCANNER;
		};
		79E6D94429ED3BBF00530CD2 /* PBXContainerItemProxy */ = {
			isa = PBXContainerItemProxy;
			containerPortal = 79E6D91B29ED3BBE00530CD2 /* Project object */;
			proxyType = 1;
			remoteGlobalIDString = 79E6D92229ED3BBE00530CD2;
			remoteInfo = NNSCANNER;
		};
/* End PBXContainerItemProxy section */

/* Begin PBXFileReference section */
		2D809DD03611B0280250B674 /* Pods-NNSCANNER-NNSCANNERUITests.release.xcconfig */ = {isa = PBXFileReference; includeInIndex = 1; lastKnownFileType = text.xcconfig; name = "Pods-NNSCANNER-NNSCANNERUITests.release.xcconfig"; path = "Target Support Files/Pods-NNSCANNER-NNSCANNERUITests/Pods-NNSCANNER-NNSCANNERUITests.release.xcconfig"; sourceTree = "<group>"; };
		4BC67D627BD05F1E2ADFC618 /* Pods-NNSCANNERTests.debug.xcconfig */ = {isa = PBXFileReference; includeInIndex = 1; lastKnownFileType = text.xcconfig; name = "Pods-NNSCANNERTests.debug.xcconfig"; path = "Target Support Files/Pods-NNSCANNERTests/Pods-NNSCANNERTests.debug.xcconfig"; sourceTree = "<group>"; };
		57FCCB561FF193523960A6CF /* Pods-NNSCANNER.debug.xcconfig */ = {isa = PBXFileReference; includeInIndex = 1; lastKnownFileType = text.xcconfig; name = "Pods-NNSCANNER.debug.xcconfig"; path = "Target Support Files/Pods-NNSCANNER/Pods-NNSCANNER.debug.xcconfig"; sourceTree = "<group>"; };
		7908066129F05A7D008D3845 /* HomeView+TableView.swift */ = {isa = PBXFileReference; lastKnownFileType = sourcecode.swift; path = "HomeView+TableView.swift"; sourceTree = "<group>"; };
		7908066429F05B47008D3845 /* HomeView+PDFKit.swift */ = {isa = PBXFileReference; lastKnownFileType = sourcecode.swift; path = "HomeView+PDFKit.swift"; sourceTree = "<group>"; };
		7908066629F05C76008D3845 /* ScanView+ImagePicker.swift */ = {isa = PBXFileReference; lastKnownFileType = sourcecode.swift; path = "ScanView+ImagePicker.swift"; sourceTree = "<group>"; };
		7943353029F0AA9C00648023 /* HomeView+SearchBar.swift */ = {isa = PBXFileReference; lastKnownFileType = sourcecode.swift; path = "HomeView+SearchBar.swift"; sourceTree = "<group>"; };
		795C21B829ED7D7A00700E21 /* HomeViewController.swift */ = {isa = PBXFileReference; lastKnownFileType = sourcecode.swift; path = HomeViewController.swift; sourceTree = "<group>"; };
		795C21B929ED7D7A00700E21 /* HomeViewController.xib */ = {isa = PBXFileReference; lastKnownFileType = file.xib; path = HomeViewController.xib; sourceTree = "<group>"; };
		795C21BC29ED94A100700E21 /* HomeTabBar.swift */ = {isa = PBXFileReference; lastKnownFileType = sourcecode.swift; path = HomeTabBar.swift; sourceTree = "<group>"; };
		795C21BF29ED94E400700E21 /* UIColor.swift */ = {isa = PBXFileReference; lastKnownFileType = sourcecode.swift; path = UIColor.swift; sourceTree = "<group>"; };
		795C2B5C29EE358D003A8B1D /* PDFViewController.swift */ = {isa = PBXFileReference; lastKnownFileType = sourcecode.swift; path = PDFViewController.swift; sourceTree = "<group>"; };
		795C2B5F29EE4069003A8B1D /* ExportViewController.swift */ = {isa = PBXFileReference; lastKnownFileType = sourcecode.swift; path = ExportViewController.swift; sourceTree = "<group>"; };
		795C2B6129EE4B3F003A8B1D /* UIImage.swift */ = {isa = PBXFileReference; lastKnownFileType = sourcecode.swift; path = UIImage.swift; sourceTree = "<group>"; };
		795C2B6329EE4B7C003A8B1D /* CGSize.swift */ = {isa = PBXFileReference; lastKnownFileType = sourcecode.swift; path = CGSize.swift; sourceTree = "<group>"; };
		797B99D429EF903500CCD28C /* ScanViewController.swift */ = {isa = PBXFileReference; lastKnownFileType = sourcecode.swift; path = ScanViewController.swift; sourceTree = "<group>"; };
		797B99D629EF95A100CCD28C /* UIViewController.swift */ = {isa = PBXFileReference; lastKnownFileType = sourcecode.swift; path = UIViewController.swift; sourceTree = "<group>"; };
		797B99D929EF9AC800CCD28C /* SettingsViewController.swift */ = {isa = PBXFileReference; lastKnownFileType = sourcecode.swift; path = SettingsViewController.swift; sourceTree = "<group>"; };
		797B99DA29EF9AC800CCD28C /* SettingsViewController.xib */ = {isa = PBXFileReference; lastKnownFileType = file.xib; path = SettingsViewController.xib; sourceTree = "<group>"; };
		79E465CB29EEE52800A42D2E /* PDFTableViewCell.swift */ = {isa = PBXFileReference; lastKnownFileType = sourcecode.swift; path = PDFTableViewCell.swift; sourceTree = "<group>"; };
		79E465CC29EEE52800A42D2E /* PDFTableViewCell.xib */ = {isa = PBXFileReference; lastKnownFileType = file.xib; path = PDFTableViewCell.xib; sourceTree = "<group>"; };
		79E6D92329ED3BBE00530CD2 /* NNSCANNER.app */ = {isa = PBXFileReference; explicitFileType = wrapper.application; includeInIndex = 0; path = NNSCANNER.app; sourceTree = BUILT_PRODUCTS_DIR; };
		79E6D92629ED3BBE00530CD2 /* AppDelegate.swift */ = {isa = PBXFileReference; lastKnownFileType = sourcecode.swift; path = AppDelegate.swift; sourceTree = "<group>"; };
		79E6D92829ED3BBE00530CD2 /* SceneDelegate.swift */ = {isa = PBXFileReference; lastKnownFileType = sourcecode.swift; path = SceneDelegate.swift; sourceTree = "<group>"; };
		79E6D92F29ED3BBF00530CD2 /* Assets.xcassets */ = {isa = PBXFileReference; lastKnownFileType = folder.assetcatalog; path = Assets.xcassets; sourceTree = "<group>"; };
		79E6D93229ED3BBF00530CD2 /* Base */ = {isa = PBXFileReference; lastKnownFileType = file.storyboard; name = Base; path = Base.lproj/LaunchScreen.storyboard; sourceTree = "<group>"; };
		79E6D93429ED3BBF00530CD2 /* Info.plist */ = {isa = PBXFileReference; lastKnownFileType = text.plist.xml; path = Info.plist; sourceTree = "<group>"; };
		79E6D93929ED3BBF00530CD2 /* NNSCANNERTests.xctest */ = {isa = PBXFileReference; explicitFileType = wrapper.cfbundle; includeInIndex = 0; path = NNSCANNERTests.xctest; sourceTree = BUILT_PRODUCTS_DIR; };
		79E6D93D29ED3BBF00530CD2 /* NNSCANNERTests.swift */ = {isa = PBXFileReference; lastKnownFileType = sourcecode.swift; path = NNSCANNERTests.swift; sourceTree = "<group>"; };
		79E6D94329ED3BBF00530CD2 /* NNSCANNERUITests.xctest */ = {isa = PBXFileReference; explicitFileType = wrapper.cfbundle; includeInIndex = 0; path = NNSCANNERUITests.xctest; sourceTree = BUILT_PRODUCTS_DIR; };
		79E6D94729ED3BBF00530CD2 /* NNSCANNERUITests.swift */ = {isa = PBXFileReference; lastKnownFileType = sourcecode.swift; path = NNSCANNERUITests.swift; sourceTree = "<group>"; };
		79E6D94929ED3BBF00530CD2 /* NNSCANNERUITestsLaunchTests.swift */ = {isa = PBXFileReference; lastKnownFileType = sourcecode.swift; path = NNSCANNERUITestsLaunchTests.swift; sourceTree = "<group>"; };
		813B402C67CCD02CADDF377E /* Pods-NNSCANNER-NNSCANNERUITests.debug.xcconfig */ = {isa = PBXFileReference; includeInIndex = 1; lastKnownFileType = text.xcconfig; name = "Pods-NNSCANNER-NNSCANNERUITests.debug.xcconfig"; path = "Target Support Files/Pods-NNSCANNER-NNSCANNERUITests/Pods-NNSCANNER-NNSCANNERUITests.debug.xcconfig"; sourceTree = "<group>"; };
		BEA88D0802DD027C438B99D2 /* Pods-NNSCANNERTests.release.xcconfig */ = {isa = PBXFileReference; includeInIndex = 1; lastKnownFileType = text.xcconfig; name = "Pods-NNSCANNERTests.release.xcconfig"; path = "Target Support Files/Pods-NNSCANNERTests/Pods-NNSCANNERTests.release.xcconfig"; sourceTree = "<group>"; };
		D96D7388E1139B445C57737B /* Pods-NNSCANNER.release.xcconfig */ = {isa = PBXFileReference; includeInIndex = 1; lastKnownFileType = text.xcconfig; name = "Pods-NNSCANNER.release.xcconfig"; path = "Target Support Files/Pods-NNSCANNER/Pods-NNSCANNER.release.xcconfig"; sourceTree = "<group>"; };
		DB6619B90949C54770A14062 /* Pods_NNSCANNER_NNSCANNERUITests.framework */ = {isa = PBXFileReference; explicitFileType = wrapper.framework; includeInIndex = 0; path = Pods_NNSCANNER_NNSCANNERUITests.framework; sourceTree = BUILT_PRODUCTS_DIR; };
		E2D2BDAD5C33D085D18DBFC0 /* Pods_NNSCANNER.framework */ = {isa = PBXFileReference; explicitFileType = wrapper.framework; includeInIndex = 0; path = Pods_NNSCANNER.framework; sourceTree = BUILT_PRODUCTS_DIR; };
		EA07D9A791145496659F0B40 /* Pods_NNSCANNERTests.framework */ = {isa = PBXFileReference; explicitFileType = wrapper.framework; includeInIndex = 0; path = Pods_NNSCANNERTests.framework; sourceTree = BUILT_PRODUCTS_DIR; };
/* End PBXFileReference section */

/* Begin PBXFrameworksBuildPhase section */
		79E6D92029ED3BBE00530CD2 /* Frameworks */ = {
			isa = PBXFrameworksBuildPhase;
			buildActionMask = 2147483647;
			files = (
				E3B957230FFF04274369A4B0 /* Pods_NNSCANNER.framework in Frameworks */,
				792E5E2129ED9A690022404B /* WeScan in Frameworks */,
			);
			runOnlyForDeploymentPostprocessing = 0;
		};
		79E6D93629ED3BBF00530CD2 /* Frameworks */ = {
			isa = PBXFrameworksBuildPhase;
			buildActionMask = 2147483647;
			files = (
				6A7BF392AEC15FC42DB50003 /* Pods_NNSCANNERTests.framework in Frameworks */,
			);
			runOnlyForDeploymentPostprocessing = 0;
		};
		79E6D94029ED3BBF00530CD2 /* Frameworks */ = {
			isa = PBXFrameworksBuildPhase;
			buildActionMask = 2147483647;
			files = (
				741DBCCA07E2F1D64DBF19C6 /* Pods_NNSCANNER_NNSCANNERUITests.framework in Frameworks */,
			);
			runOnlyForDeploymentPostprocessing = 0;
		};
/* End PBXFrameworksBuildPhase section */

/* Begin PBXGroup section */
		13ACCF0840608A505B029B8E /* Pods */ = {
			isa = PBXGroup;
			children = (
				57FCCB561FF193523960A6CF /* Pods-NNSCANNER.debug.xcconfig */,
				D96D7388E1139B445C57737B /* Pods-NNSCANNER.release.xcconfig */,
				813B402C67CCD02CADDF377E /* Pods-NNSCANNER-NNSCANNERUITests.debug.xcconfig */,
				2D809DD03611B0280250B674 /* Pods-NNSCANNER-NNSCANNERUITests.release.xcconfig */,
				4BC67D627BD05F1E2ADFC618 /* Pods-NNSCANNERTests.debug.xcconfig */,
				BEA88D0802DD027C438B99D2 /* Pods-NNSCANNERTests.release.xcconfig */,
			);
			path = Pods;
			sourceTree = "<group>";
		};
		3170682547594707218CFD49 /* Frameworks */ = {
			isa = PBXGroup;
			children = (
				E2D2BDAD5C33D085D18DBFC0 /* Pods_NNSCANNER.framework */,
				DB6619B90949C54770A14062 /* Pods_NNSCANNER_NNSCANNERUITests.framework */,
				EA07D9A791145496659F0B40 /* Pods_NNSCANNERTests.framework */,
			);
			name = Frameworks;
			sourceTree = "<group>";
		};
		7908066329F05B24008D3845 /* TabBar */ = {
			isa = PBXGroup;
			children = (
				795C21BC29ED94A100700E21 /* HomeTabBar.swift */,
			);
			path = TabBar;
			sourceTree = "<group>";
		};
		795C21B729ED7D6600700E21 /* Home */ = {
			isa = PBXGroup;
			children = (
				7908066329F05B24008D3845 /* TabBar */,
				795C21B829ED7D7A00700E21 /* HomeViewController.swift */,
				795C21B929ED7D7A00700E21 /* HomeViewController.xib */,
				7908066129F05A7D008D3845 /* HomeView+TableView.swift */,
				7908066429F05B47008D3845 /* HomeView+PDFKit.swift */,
				7943353029F0AA9C00648023 /* HomeView+SearchBar.swift */,
			);
			path = Home;
			sourceTree = "<group>";
		};
		795C21BE29ED94D100700E21 /* Extension */ = {
			isa = PBXGroup;
			children = (
				795C21BF29ED94E400700E21 /* UIColor.swift */,
				795C2B6129EE4B3F003A8B1D /* UIImage.swift */,
				795C2B6329EE4B7C003A8B1D /* CGSize.swift */,
				797B99D629EF95A100CCD28C /* UIViewController.swift */,
			);
			path = Extension;
			sourceTree = "<group>";
		};
		795C21C229ED950900700E21 /* Scan */ = {
			isa = PBXGroup;
			children = (
				797B99D429EF903500CCD28C /* ScanViewController.swift */,
				7908066629F05C76008D3845 /* ScanView+ImagePicker.swift */,
			);
			path = Scan;
			sourceTree = "<group>";
		};
		795C2B5E29EE4054003A8B1D /* Export */ = {
			isa = PBXGroup;
			children = (
				795C2B5F29EE4069003A8B1D /* ExportViewController.swift */,
			);
			path = Export;
			sourceTree = "<group>";
		};
		797B99D829EF9A8900CCD28C /* Settings */ = {
			isa = PBXGroup;
			children = (
				797B99D929EF9AC800CCD28C /* SettingsViewController.swift */,
				797B99DA29EF9AC800CCD28C /* SettingsViewController.xib */,
			);
			path = Settings;
			sourceTree = "<group>";
		};
		79E465C929EEE50C00A42D2E /* PDF */ = {
			isa = PBXGroup;
			children = (
				79E465CA29EEE51400A42D2E /* Cell */,
				795C2B5C29EE358D003A8B1D /* PDFViewController.swift */,
			);
			path = PDF;
			sourceTree = "<group>";
		};
		79E465CA29EEE51400A42D2E /* Cell */ = {
			isa = PBXGroup;
			children = (
				79E465CB29EEE52800A42D2E /* PDFTableViewCell.swift */,
				79E465CC29EEE52800A42D2E /* PDFTableViewCell.xib */,
			);
			path = Cell;
			sourceTree = "<group>";
		};
		79E6D91A29ED3BBE00530CD2 = {
			isa = PBXGroup;
			children = (
				79E6D92529ED3BBE00530CD2 /* NNSCANNER */,
				79E6D93C29ED3BBF00530CD2 /* NNSCANNERTests */,
				79E6D94629ED3BBF00530CD2 /* NNSCANNERUITests */,
				79E6D92429ED3BBE00530CD2 /* Products */,
				13ACCF0840608A505B029B8E /* Pods */,
				3170682547594707218CFD49 /* Frameworks */,
			);
			sourceTree = "<group>";
		};
		79E6D92429ED3BBE00530CD2 /* Products */ = {
			isa = PBXGroup;
			children = (
				79E6D92329ED3BBE00530CD2 /* NNSCANNER.app */,
				79E6D93929ED3BBF00530CD2 /* NNSCANNERTests.xctest */,
				79E6D94329ED3BBF00530CD2 /* NNSCANNERUITests.xctest */,
			);
			name = Products;
			sourceTree = "<group>";
		};
		79E6D92529ED3BBE00530CD2 /* NNSCANNER */ = {
			isa = PBXGroup;
			children = (
				79E6D95B29ED3C2D00530CD2 /* Base */,
				79E6D95A29ED3C2800530CD2 /* Feature */,
				79E6D95929ED3C2300530CD2 /* Model */,
				79E6D95829ED3C1B00530CD2 /* Resource */,
				79E6D95729ED3C0F00530CD2 /* Service */,
				79E6D95629ED3C0600530CD2 /* Utils */,
				79E6D93429ED3BBF00530CD2 /* Info.plist */,
			);
			path = NNSCANNER;
			sourceTree = "<group>";
		};
		79E6D93C29ED3BBF00530CD2 /* NNSCANNERTests */ = {
			isa = PBXGroup;
			children = (
				79E6D93D29ED3BBF00530CD2 /* NNSCANNERTests.swift */,
			);
			path = NNSCANNERTests;
			sourceTree = "<group>";
		};
		79E6D94629ED3BBF00530CD2 /* NNSCANNERUITests */ = {
			isa = PBXGroup;
			children = (
				79E6D94729ED3BBF00530CD2 /* NNSCANNERUITests.swift */,
				79E6D94929ED3BBF00530CD2 /* NNSCANNERUITestsLaunchTests.swift */,
			);
			path = NNSCANNERUITests;
			sourceTree = "<group>";
		};
		79E6D95629ED3C0600530CD2 /* Utils */ = {
			isa = PBXGroup;
			children = (
				795C21BE29ED94D100700E21 /* Extension */,
			);
			path = Utils;
			sourceTree = "<group>";
		};
		79E6D95729ED3C0F00530CD2 /* Service */ = {
			isa = PBXGroup;
			children = (
			);
			path = Service;
			sourceTree = "<group>";
		};
		79E6D95829ED3C1B00530CD2 /* Resource */ = {
			isa = PBXGroup;
			children = (
				79E6D92F29ED3BBF00530CD2 /* Assets.xcassets */,
			);
			path = Resource;
			sourceTree = "<group>";
		};
		79E6D95929ED3C2300530CD2 /* Model */ = {
			isa = PBXGroup;
			children = (
			);
			path = Model;
			sourceTree = "<group>";
		};
		79E6D95A29ED3C2800530CD2 /* Feature */ = {
			isa = PBXGroup;
			children = (
				797B99D829EF9A8900CCD28C /* Settings */,
				79E465C929EEE50C00A42D2E /* PDF */,
				795C2B5E29EE4054003A8B1D /* Export */,
				795C21B729ED7D6600700E21 /* Home */,
				795C21C229ED950900700E21 /* Scan */,
			);
			path = Feature;
			sourceTree = "<group>";
		};
		79E6D95B29ED3C2D00530CD2 /* Base */ = {
			isa = PBXGroup;
			children = (
				79E6D92629ED3BBE00530CD2 /* AppDelegate.swift */,
				79E6D92829ED3BBE00530CD2 /* SceneDelegate.swift */,
				79E6D93129ED3BBF00530CD2 /* LaunchScreen.storyboard */,
			);
			path = Base;
			sourceTree = "<group>";
		};
/* End PBXGroup section */

/* Begin PBXNativeTarget section */
		79E6D92229ED3BBE00530CD2 /* NNSCANNER */ = {
			isa = PBXNativeTarget;
			buildConfigurationList = 79E6D94D29ED3BBF00530CD2 /* Build configuration list for PBXNativeTarget "NNSCANNER" */;
			buildPhases = (
				A147C486635D9436C4BF8F9F /* [CP] Check Pods Manifest.lock */,
				79E6D91F29ED3BBE00530CD2 /* Sources */,
				79E6D92029ED3BBE00530CD2 /* Frameworks */,
				79E6D92129ED3BBE00530CD2 /* Resources */,
			);
			buildRules = (
			);
			dependencies = (
			);
			name = NNSCANNER;
			packageProductDependencies = (
				792E5E2029ED9A690022404B /* WeScan */,
			);
			productName = NNSCANNER;
			productReference = 79E6D92329ED3BBE00530CD2 /* NNSCANNER.app */;
			productType = "com.apple.product-type.application";
		};
		79E6D93829ED3BBF00530CD2 /* NNSCANNERTests */ = {
			isa = PBXNativeTarget;
			buildConfigurationList = 79E6D95029ED3BBF00530CD2 /* Build configuration list for PBXNativeTarget "NNSCANNERTests" */;
			buildPhases = (
				B3501A7C2259CC6BDC454C12 /* [CP] Check Pods Manifest.lock */,
				79E6D93529ED3BBF00530CD2 /* Sources */,
				79E6D93629ED3BBF00530CD2 /* Frameworks */,
				79E6D93729ED3BBF00530CD2 /* Resources */,
			);
			buildRules = (
			);
			dependencies = (
				79E6D93B29ED3BBF00530CD2 /* PBXTargetDependency */,
			);
			name = NNSCANNERTests;
			productName = NNSCANNERTests;
			productReference = 79E6D93929ED3BBF00530CD2 /* NNSCANNERTests.xctest */;
			productType = "com.apple.product-type.bundle.unit-test";
		};
		79E6D94229ED3BBF00530CD2 /* NNSCANNERUITests */ = {
			isa = PBXNativeTarget;
			buildConfigurationList = 79E6D95329ED3BBF00530CD2 /* Build configuration list for PBXNativeTarget "NNSCANNERUITests" */;
			buildPhases = (
				927D5FDC51ED636A58FD2C88 /* [CP] Check Pods Manifest.lock */,
				79E6D93F29ED3BBF00530CD2 /* Sources */,
				79E6D94029ED3BBF00530CD2 /* Frameworks */,
				79E6D94129ED3BBF00530CD2 /* Resources */,
			);
			buildRules = (
			);
			dependencies = (
				79E6D94529ED3BBF00530CD2 /* PBXTargetDependency */,
			);
			name = NNSCANNERUITests;
			productName = NNSCANNERUITests;
			productReference = 79E6D94329ED3BBF00530CD2 /* NNSCANNERUITests.xctest */;
			productType = "com.apple.product-type.bundle.ui-testing";
		};
/* End PBXNativeTarget section */

/* Begin PBXProject section */
		79E6D91B29ED3BBE00530CD2 /* Project object */ = {
			isa = PBXProject;
			attributes = {
				BuildIndependentTargetsInParallel = 1;
				LastSwiftUpdateCheck = 1420;
				LastUpgradeCheck = 1420;
				TargetAttributes = {
					79E6D92229ED3BBE00530CD2 = {
						CreatedOnToolsVersion = 14.2;
					};
					79E6D93829ED3BBF00530CD2 = {
						CreatedOnToolsVersion = 14.2;
						TestTargetID = 79E6D92229ED3BBE00530CD2;
					};
					79E6D94229ED3BBF00530CD2 = {
						CreatedOnToolsVersion = 14.2;
						TestTargetID = 79E6D92229ED3BBE00530CD2;
					};
				};
			};
			buildConfigurationList = 79E6D91E29ED3BBE00530CD2 /* Build configuration list for PBXProject "NNSCANNER" */;
			compatibilityVersion = "Xcode 14.0";
			developmentRegion = en;
			hasScannedForEncodings = 0;
			knownRegions = (
				en,
				Base,
			);
			mainGroup = 79E6D91A29ED3BBE00530CD2;
			packageReferences = (
				792E5E1F29ED9A690022404B /* XCRemoteSwiftPackageReference "WeScan" */,
			);
			productRefGroup = 79E6D92429ED3BBE00530CD2 /* Products */;
			projectDirPath = "";
			projectRoot = "";
			targets = (
				79E6D92229ED3BBE00530CD2 /* NNSCANNER */,
				79E6D93829ED3BBF00530CD2 /* NNSCANNERTests */,
				79E6D94229ED3BBF00530CD2 /* NNSCANNERUITests */,
			);
		};
/* End PBXProject section */

/* Begin PBXResourcesBuildPhase section */
		79E6D92129ED3BBE00530CD2 /* Resources */ = {
			isa = PBXResourcesBuildPhase;
			buildActionMask = 2147483647;
			files = (
				79E6D93329ED3BBF00530CD2 /* LaunchScreen.storyboard in Resources */,
				797B99DC29EF9AC800CCD28C /* SettingsViewController.xib in Resources */,
				79E6D93029ED3BBF00530CD2 /* Assets.xcassets in Resources */,
				79E465CE29EEE52800A42D2E /* PDFTableViewCell.xib in Resources */,
				795C21BB29ED7D7A00700E21 /* HomeViewController.xib in Resources */,
			);
			runOnlyForDeploymentPostprocessing = 0;
		};
		79E6D93729ED3BBF00530CD2 /* Resources */ = {
			isa = PBXResourcesBuildPhase;
			buildActionMask = 2147483647;
			files = (
			);
			runOnlyForDeploymentPostprocessing = 0;
		};
		79E6D94129ED3BBF00530CD2 /* Resources */ = {
			isa = PBXResourcesBuildPhase;
			buildActionMask = 2147483647;
			files = (
			);
			runOnlyForDeploymentPostprocessing = 0;
		};
/* End PBXResourcesBuildPhase section */

/* Begin PBXShellScriptBuildPhase section */
		927D5FDC51ED636A58FD2C88 /* [CP] Check Pods Manifest.lock */ = {
			isa = PBXShellScriptBuildPhase;
			buildActionMask = 2147483647;
			files = (
			);
			inputFileListPaths = (
			);
			inputPaths = (
				"${PODS_PODFILE_DIR_PATH}/Podfile.lock",
				"${PODS_ROOT}/Manifest.lock",
			);
			name = "[CP] Check Pods Manifest.lock";
			outputFileListPaths = (
			);
			outputPaths = (
				"$(DERIVED_FILE_DIR)/Pods-NNSCANNER-NNSCANNERUITests-checkManifestLockResult.txt",
			);
			runOnlyForDeploymentPostprocessing = 0;
			shellPath = /bin/sh;
			shellScript = "diff \"${PODS_PODFILE_DIR_PATH}/Podfile.lock\" \"${PODS_ROOT}/Manifest.lock\" > /dev/null\nif [ $? != 0 ] ; then\n    # print error to STDERR\n    echo \"error: The sandbox is not in sync with the Podfile.lock. Run 'pod install' or update your CocoaPods installation.\" >&2\n    exit 1\nfi\n# This output is used by Xcode 'outputs' to avoid re-running this script phase.\necho \"SUCCESS\" > \"${SCRIPT_OUTPUT_FILE_0}\"\n";
			showEnvVarsInLog = 0;
		};
		A147C486635D9436C4BF8F9F /* [CP] Check Pods Manifest.lock */ = {
			isa = PBXShellScriptBuildPhase;
			buildActionMask = 2147483647;
			files = (
			);
			inputFileListPaths = (
			);
			inputPaths = (
				"${PODS_PODFILE_DIR_PATH}/Podfile.lock",
				"${PODS_ROOT}/Manifest.lock",
			);
			name = "[CP] Check Pods Manifest.lock";
			outputFileListPaths = (
			);
			outputPaths = (
				"$(DERIVED_FILE_DIR)/Pods-NNSCANNER-checkManifestLockResult.txt",
			);
			runOnlyForDeploymentPostprocessing = 0;
			shellPath = /bin/sh;
			shellScript = "diff \"${PODS_PODFILE_DIR_PATH}/Podfile.lock\" \"${PODS_ROOT}/Manifest.lock\" > /dev/null\nif [ $? != 0 ] ; then\n    # print error to STDERR\n    echo \"error: The sandbox is not in sync with the Podfile.lock. Run 'pod install' or update your CocoaPods installation.\" >&2\n    exit 1\nfi\n# This output is used by Xcode 'outputs' to avoid re-running this script phase.\necho \"SUCCESS\" > \"${SCRIPT_OUTPUT_FILE_0}\"\n";
			showEnvVarsInLog = 0;
		};
		B3501A7C2259CC6BDC454C12 /* [CP] Check Pods Manifest.lock */ = {
			isa = PBXShellScriptBuildPhase;
			buildActionMask = 2147483647;
			files = (
			);
			inputFileListPaths = (
			);
			inputPaths = (
				"${PODS_PODFILE_DIR_PATH}/Podfile.lock",
				"${PODS_ROOT}/Manifest.lock",
			);
			name = "[CP] Check Pods Manifest.lock";
			outputFileListPaths = (
			);
			outputPaths = (
				"$(DERIVED_FILE_DIR)/Pods-NNSCANNERTests-checkManifestLockResult.txt",
			);
			runOnlyForDeploymentPostprocessing = 0;
			shellPath = /bin/sh;
			shellScript = "diff \"${PODS_PODFILE_DIR_PATH}/Podfile.lock\" \"${PODS_ROOT}/Manifest.lock\" > /dev/null\nif [ $? != 0 ] ; then\n    # print error to STDERR\n    echo \"error: The sandbox is not in sync with the Podfile.lock. Run 'pod install' or update your CocoaPods installation.\" >&2\n    exit 1\nfi\n# This output is used by Xcode 'outputs' to avoid re-running this script phase.\necho \"SUCCESS\" > \"${SCRIPT_OUTPUT_FILE_0}\"\n";
			showEnvVarsInLog = 0;
		};
/* End PBXShellScriptBuildPhase section */

/* Begin PBXSourcesBuildPhase section */
		79E6D91F29ED3BBE00530CD2 /* Sources */ = {
			isa = PBXSourcesBuildPhase;
			buildActionMask = 2147483647;
			files = (
				795C2B5D29EE358D003A8B1D /* PDFViewController.swift in Sources */,
				7908066729F05C76008D3845 /* ScanView+ImagePicker.swift in Sources */,
				795C2B6229EE4B3F003A8B1D /* UIImage.swift in Sources */,
				795C21BD29ED94A100700E21 /* HomeTabBar.swift in Sources */,
				795C2B6429EE4B7C003A8B1D /* CGSize.swift in Sources */,
				795C2B6029EE4069003A8B1D /* ExportViewController.swift in Sources */,
				7908066529F05B47008D3845 /* HomeView+PDFKit.swift in Sources */,
				79E465CD29EEE52800A42D2E /* PDFTableViewCell.swift in Sources */,
				79E6D92729ED3BBE00530CD2 /* AppDelegate.swift in Sources */,
				797B99D729EF95A100CCD28C /* UIViewController.swift in Sources */,
				79E6D92929ED3BBE00530CD2 /* SceneDelegate.swift in Sources */,
				7908066229F05A7D008D3845 /* HomeView+TableView.swift in Sources */,
				797B99DB29EF9AC800CCD28C /* SettingsViewController.swift in Sources */,
				795C21BA29ED7D7A00700E21 /* HomeViewController.swift in Sources */,
				795C21C029ED94E400700E21 /* UIColor.swift in Sources */,
				797B99D529EF903500CCD28C /* ScanViewController.swift in Sources */,
				7943353129F0AA9C00648023 /* HomeView+SearchBar.swift in Sources */,
			);
			runOnlyForDeploymentPostprocessing = 0;
		};
		79E6D93529ED3BBF00530CD2 /* Sources */ = {
			isa = PBXSourcesBuildPhase;
			buildActionMask = 2147483647;
			files = (
				79E6D93E29ED3BBF00530CD2 /* NNSCANNERTests.swift in Sources */,
			);
			runOnlyForDeploymentPostprocessing = 0;
		};
		79E6D93F29ED3BBF00530CD2 /* Sources */ = {
			isa = PBXSourcesBuildPhase;
			buildActionMask = 2147483647;
			files = (
				79E6D94829ED3BBF00530CD2 /* NNSCANNERUITests.swift in Sources */,
				79E6D94A29ED3BBF00530CD2 /* NNSCANNERUITestsLaunchTests.swift in Sources */,
			);
			runOnlyForDeploymentPostprocessing = 0;
		};
/* End PBXSourcesBuildPhase section */

/* Begin PBXTargetDependency section */
		79E6D93B29ED3BBF00530CD2 /* PBXTargetDependency */ = {
			isa = PBXTargetDependency;
			target = 79E6D92229ED3BBE00530CD2 /* NNSCANNER */;
			targetProxy = 79E6D93A29ED3BBF00530CD2 /* PBXContainerItemProxy */;
		};
		79E6D94529ED3BBF00530CD2 /* PBXTargetDependency */ = {
			isa = PBXTargetDependency;
			target = 79E6D92229ED3BBE00530CD2 /* NNSCANNER */;
			targetProxy = 79E6D94429ED3BBF00530CD2 /* PBXContainerItemProxy */;
		};
/* End PBXTargetDependency section */

/* Begin PBXVariantGroup section */
		79E6D93129ED3BBF00530CD2 /* LaunchScreen.storyboard */ = {
			isa = PBXVariantGroup;
			children = (
				79E6D93229ED3BBF00530CD2 /* Base */,
			);
			name = LaunchScreen.storyboard;
			sourceTree = "<group>";
		};
/* End PBXVariantGroup section */

/* Begin XCBuildConfiguration section */
		79E6D94B29ED3BBF00530CD2 /* Debug */ = {
			isa = XCBuildConfiguration;
			buildSettings = {
				ALWAYS_SEARCH_USER_PATHS = NO;
				CLANG_ANALYZER_NONNULL = YES;
				CLANG_ANALYZER_NUMBER_OBJECT_CONVERSION = YES_AGGRESSIVE;
				CLANG_CXX_LANGUAGE_STANDARD = "gnu++20";
				CLANG_ENABLE_MODULES = YES;
				CLANG_ENABLE_OBJC_ARC = YES;
				CLANG_ENABLE_OBJC_WEAK = YES;
				CLANG_WARN_BLOCK_CAPTURE_AUTORELEASING = YES;
				CLANG_WARN_BOOL_CONVERSION = YES;
				CLANG_WARN_COMMA = YES;
				CLANG_WARN_CONSTANT_CONVERSION = YES;
				CLANG_WARN_DEPRECATED_OBJC_IMPLEMENTATIONS = YES;
				CLANG_WARN_DIRECT_OBJC_ISA_USAGE = YES_ERROR;
				CLANG_WARN_DOCUMENTATION_COMMENTS = YES;
				CLANG_WARN_EMPTY_BODY = YES;
				CLANG_WARN_ENUM_CONVERSION = YES;
				CLANG_WARN_INFINITE_RECURSION = YES;
				CLANG_WARN_INT_CONVERSION = YES;
				CLANG_WARN_NON_LITERAL_NULL_CONVERSION = YES;
				CLANG_WARN_OBJC_IMPLICIT_RETAIN_SELF = YES;
				CLANG_WARN_OBJC_LITERAL_CONVERSION = YES;
				CLANG_WARN_OBJC_ROOT_CLASS = YES_ERROR;
				CLANG_WARN_QUOTED_INCLUDE_IN_FRAMEWORK_HEADER = YES;
				CLANG_WARN_RANGE_LOOP_ANALYSIS = YES;
				CLANG_WARN_STRICT_PROTOTYPES = YES;
				CLANG_WARN_SUSPICIOUS_MOVE = YES;
				CLANG_WARN_UNGUARDED_AVAILABILITY = YES_AGGRESSIVE;
				CLANG_WARN_UNREACHABLE_CODE = YES;
				CLANG_WARN__DUPLICATE_METHOD_MATCH = YES;
				COPY_PHASE_STRIP = NO;
				DEBUG_INFORMATION_FORMAT = dwarf;
				ENABLE_STRICT_OBJC_MSGSEND = YES;
				ENABLE_TESTABILITY = YES;
				GCC_C_LANGUAGE_STANDARD = gnu11;
				GCC_DYNAMIC_NO_PIC = NO;
				GCC_NO_COMMON_BLOCKS = YES;
				GCC_OPTIMIZATION_LEVEL = 0;
				GCC_PREPROCESSOR_DEFINITIONS = (
					"DEBUG=1",
					"$(inherited)",
				);
				GCC_WARN_64_TO_32_BIT_CONVERSION = YES;
				GCC_WARN_ABOUT_RETURN_TYPE = YES_ERROR;
				GCC_WARN_UNDECLARED_SELECTOR = YES;
				GCC_WARN_UNINITIALIZED_AUTOS = YES_AGGRESSIVE;
				GCC_WARN_UNUSED_FUNCTION = YES;
				GCC_WARN_UNUSED_VARIABLE = YES;
				IPHONEOS_DEPLOYMENT_TARGET = 16.2;
				MTL_ENABLE_DEBUG_INFO = INCLUDE_SOURCE;
				MTL_FAST_MATH = YES;
				ONLY_ACTIVE_ARCH = YES;
				SDKROOT = iphoneos;
				SWIFT_ACTIVE_COMPILATION_CONDITIONS = DEBUG;
				SWIFT_OPTIMIZATION_LEVEL = "-Onone";
			};
			name = Debug;
		};
		79E6D94C29ED3BBF00530CD2 /* Release */ = {
			isa = XCBuildConfiguration;
			buildSettings = {
				ALWAYS_SEARCH_USER_PATHS = NO;
				CLANG_ANALYZER_NONNULL = YES;
				CLANG_ANALYZER_NUMBER_OBJECT_CONVERSION = YES_AGGRESSIVE;
				CLANG_CXX_LANGUAGE_STANDARD = "gnu++20";
				CLANG_ENABLE_MODULES = YES;
				CLANG_ENABLE_OBJC_ARC = YES;
				CLANG_ENABLE_OBJC_WEAK = YES;
				CLANG_WARN_BLOCK_CAPTURE_AUTORELEASING = YES;
				CLANG_WARN_BOOL_CONVERSION = YES;
				CLANG_WARN_COMMA = YES;
				CLANG_WARN_CONSTANT_CONVERSION = YES;
				CLANG_WARN_DEPRECATED_OBJC_IMPLEMENTATIONS = YES;
				CLANG_WARN_DIRECT_OBJC_ISA_USAGE = YES_ERROR;
				CLANG_WARN_DOCUMENTATION_COMMENTS = YES;
				CLANG_WARN_EMPTY_BODY = YES;
				CLANG_WARN_ENUM_CONVERSION = YES;
				CLANG_WARN_INFINITE_RECURSION = YES;
				CLANG_WARN_INT_CONVERSION = YES;
				CLANG_WARN_NON_LITERAL_NULL_CONVERSION = YES;
				CLANG_WARN_OBJC_IMPLICIT_RETAIN_SELF = YES;
				CLANG_WARN_OBJC_LITERAL_CONVERSION = YES;
				CLANG_WARN_OBJC_ROOT_CLASS = YES_ERROR;
				CLANG_WARN_QUOTED_INCLUDE_IN_FRAMEWORK_HEADER = YES;
				CLANG_WARN_RANGE_LOOP_ANALYSIS = YES;
				CLANG_WARN_STRICT_PROTOTYPES = YES;
				CLANG_WARN_SUSPICIOUS_MOVE = YES;
				CLANG_WARN_UNGUARDED_AVAILABILITY = YES_AGGRESSIVE;
				CLANG_WARN_UNREACHABLE_CODE = YES;
				CLANG_WARN__DUPLICATE_METHOD_MATCH = YES;
				COPY_PHASE_STRIP = NO;
				DEBUG_INFORMATION_FORMAT = "dwarf-with-dsym";
				ENABLE_NS_ASSERTIONS = NO;
				ENABLE_STRICT_OBJC_MSGSEND = YES;
				GCC_C_LANGUAGE_STANDARD = gnu11;
				GCC_NO_COMMON_BLOCKS = YES;
				GCC_WARN_64_TO_32_BIT_CONVERSION = YES;
				GCC_WARN_ABOUT_RETURN_TYPE = YES_ERROR;
				GCC_WARN_UNDECLARED_SELECTOR = YES;
				GCC_WARN_UNINITIALIZED_AUTOS = YES_AGGRESSIVE;
				GCC_WARN_UNUSED_FUNCTION = YES;
				GCC_WARN_UNUSED_VARIABLE = YES;
				IPHONEOS_DEPLOYMENT_TARGET = 16.2;
				MTL_ENABLE_DEBUG_INFO = NO;
				MTL_FAST_MATH = YES;
				SDKROOT = iphoneos;
				SWIFT_COMPILATION_MODE = wholemodule;
				SWIFT_OPTIMIZATION_LEVEL = "-O";
				VALIDATE_PRODUCT = YES;
			};
			name = Release;
		};
		79E6D94E29ED3BBF00530CD2 /* Debug */ = {
			isa = XCBuildConfiguration;
			baseConfigurationReference = 57FCCB561FF193523960A6CF /* Pods-NNSCANNER.debug.xcconfig */;
			buildSettings = {
				ASSETCATALOG_COMPILER_APPICON_NAME = AppIcon;
				ASSETCATALOG_COMPILER_GLOBAL_ACCENT_COLOR_NAME = AccentColor;
				CODE_SIGN_STYLE = Automatic;
				CURRENT_PROJECT_VERSION = 1;
				DEVELOPMENT_TEAM = 7Z5DWB469U;
				GENERATE_INFOPLIST_FILE = YES;
				INFOPLIST_FILE = NNSCANNER/Info.plist;
				INFOPLIST_KEY_CFBundleDisplayName = NNSCANNER;
				INFOPLIST_KEY_NSCameraUsageDescription = "Request camera permission";
				INFOPLIST_KEY_UIApplicationSupportsIndirectInputEvents = YES;
				INFOPLIST_KEY_UILaunchStoryboardName = LaunchScreen;
				INFOPLIST_KEY_UISupportedInterfaceOrientations_iPad = "UIInterfaceOrientationPortrait UIInterfaceOrientationPortraitUpsideDown UIInterfaceOrientationLandscapeLeft UIInterfaceOrientationLandscapeRight";
				INFOPLIST_KEY_UISupportedInterfaceOrientations_iPhone = "UIInterfaceOrientationPortrait UIInterfaceOrientationLandscapeLeft UIInterfaceOrientationLandscapeRight";
				IPHONEOS_DEPLOYMENT_TARGET = 14.0;
				LD_RUNPATH_SEARCH_PATHS = (
					"$(inherited)",
					"@executable_path/Frameworks",
				);
				MARKETING_VERSION = 1.0;
				PRODUCT_BUNDLE_IDENTIFIER = com.nvn.NNSCANNER;
				PRODUCT_NAME = "$(TARGET_NAME)";
				SWIFT_EMIT_LOC_STRINGS = YES;
				SWIFT_VERSION = 5.0;
				TARGETED_DEVICE_FAMILY = "1,2";
			};
			name = Debug;
		};
		79E6D94F29ED3BBF00530CD2 /* Release */ = {
			isa = XCBuildConfiguration;
			baseConfigurationReference = D96D7388E1139B445C57737B /* Pods-NNSCANNER.release.xcconfig */;
			buildSettings = {
				ASSETCATALOG_COMPILER_APPICON_NAME = AppIcon;
				ASSETCATALOG_COMPILER_GLOBAL_ACCENT_COLOR_NAME = AccentColor;
				CODE_SIGN_STYLE = Automatic;
				CURRENT_PROJECT_VERSION = 1;
				DEVELOPMENT_TEAM = 7Z5DWB469U;
				GENERATE_INFOPLIST_FILE = YES;
				INFOPLIST_FILE = NNSCANNER/Info.plist;
				INFOPLIST_KEY_CFBundleDisplayName = NNSCANNER;
				INFOPLIST_KEY_NSCameraUsageDescription = "Request camera permission";
				INFOPLIST_KEY_UIApplicationSupportsIndirectInputEvents = YES;
				INFOPLIST_KEY_UILaunchStoryboardName = LaunchScreen;
				INFOPLIST_KEY_UISupportedInterfaceOrientations_iPad = "UIInterfaceOrientationPortrait UIInterfaceOrientationPortraitUpsideDown UIInterfaceOrientationLandscapeLeft UIInterfaceOrientationLandscapeRight";
				INFOPLIST_KEY_UISupportedInterfaceOrientations_iPhone = "UIInterfaceOrientationPortrait UIInterfaceOrientationLandscapeLeft UIInterfaceOrientationLandscapeRight";
				IPHONEOS_DEPLOYMENT_TARGET = 14.0;
				LD_RUNPATH_SEARCH_PATHS = (
					"$(inherited)",
					"@executable_path/Frameworks",
				);
				MARKETING_VERSION = 1.0;
				PRODUCT_BUNDLE_IDENTIFIER = com.nvn.NNSCANNER;
				PRODUCT_NAME = "$(TARGET_NAME)";
				SWIFT_EMIT_LOC_STRINGS = YES;
				SWIFT_VERSION = 5.0;
				TARGETED_DEVICE_FAMILY = "1,2";
			};
			name = Release;
		};
		79E6D95129ED3BBF00530CD2 /* Debug */ = {
			isa = XCBuildConfiguration;
			baseConfigurationReference = 4BC67D627BD05F1E2ADFC618 /* Pods-NNSCANNERTests.debug.xcconfig */;
			buildSettings = {
				ALWAYS_EMBED_SWIFT_STANDARD_LIBRARIES = YES;
				BUNDLE_LOADER = "$(TEST_HOST)";
				CODE_SIGN_STYLE = Automatic;
				CURRENT_PROJECT_VERSION = 1;
				DEVELOPMENT_TEAM = 7Z5DWB469U;
				GENERATE_INFOPLIST_FILE = YES;
				IPHONEOS_DEPLOYMENT_TARGET = 16.2;
				MARKETING_VERSION = 1.0;
				PRODUCT_BUNDLE_IDENTIFIER = com.nvn.NNSCANNERTests;
				PRODUCT_NAME = "$(TARGET_NAME)";
				SWIFT_EMIT_LOC_STRINGS = NO;
				SWIFT_VERSION = 5.0;
				TARGETED_DEVICE_FAMILY = "1,2";
				TEST_HOST = "$(BUILT_PRODUCTS_DIR)/NNSCANNER.app/$(BUNDLE_EXECUTABLE_FOLDER_PATH)/NNSCANNER";
			};
			name = Debug;
		};
		79E6D95229ED3BBF00530CD2 /* Release */ = {
			isa = XCBuildConfiguration;
			baseConfigurationReference = BEA88D0802DD027C438B99D2 /* Pods-NNSCANNERTests.release.xcconfig */;
			buildSettings = {
				ALWAYS_EMBED_SWIFT_STANDARD_LIBRARIES = YES;
				BUNDLE_LOADER = "$(TEST_HOST)";
				CODE_SIGN_STYLE = Automatic;
				CURRENT_PROJECT_VERSION = 1;
				DEVELOPMENT_TEAM = 7Z5DWB469U;
				GENERATE_INFOPLIST_FILE = YES;
				IPHONEOS_DEPLOYMENT_TARGET = 16.2;
				MARKETING_VERSION = 1.0;
				PRODUCT_BUNDLE_IDENTIFIER = com.nvn.NNSCANNERTests;
				PRODUCT_NAME = "$(TARGET_NAME)";
				SWIFT_EMIT_LOC_STRINGS = NO;
				SWIFT_VERSION = 5.0;
				TARGETED_DEVICE_FAMILY = "1,2";
				TEST_HOST = "$(BUILT_PRODUCTS_DIR)/NNSCANNER.app/$(BUNDLE_EXECUTABLE_FOLDER_PATH)/NNSCANNER";
			};
			name = Release;
		};
		79E6D95429ED3BBF00530CD2 /* Debug */ = {
			isa = XCBuildConfiguration;
			baseConfigurationReference = 813B402C67CCD02CADDF377E /* Pods-NNSCANNER-NNSCANNERUITests.debug.xcconfig */;
			buildSettings = {
				ALWAYS_EMBED_SWIFT_STANDARD_LIBRARIES = YES;
				CODE_SIGN_STYLE = Automatic;
				CURRENT_PROJECT_VERSION = 1;
				DEVELOPMENT_TEAM = 7Z5DWB469U;
				GENERATE_INFOPLIST_FILE = YES;
				MARKETING_VERSION = 1.0;
				PRODUCT_BUNDLE_IDENTIFIER = com.nvn.NNSCANNERUITests;
				PRODUCT_NAME = "$(TARGET_NAME)";
				SWIFT_EMIT_LOC_STRINGS = NO;
				SWIFT_VERSION = 5.0;
				TARGETED_DEVICE_FAMILY = "1,2";
				TEST_TARGET_NAME = NNSCANNER;
			};
			name = Debug;
		};
		79E6D95529ED3BBF00530CD2 /* Release */ = {
			isa = XCBuildConfiguration;
			baseConfigurationReference = 2D809DD03611B0280250B674 /* Pods-NNSCANNER-NNSCANNERUITests.release.xcconfig */;
			buildSettings = {
				ALWAYS_EMBED_SWIFT_STANDARD_LIBRARIES = YES;
				CODE_SIGN_STYLE = Automatic;
				CURRENT_PROJECT_VERSION = 1;
				DEVELOPMENT_TEAM = 7Z5DWB469U;
				GENERATE_INFOPLIST_FILE = YES;
				MARKETING_VERSION = 1.0;
				PRODUCT_BUNDLE_IDENTIFIER = com.nvn.NNSCANNERUITests;
				PRODUCT_NAME = "$(TARGET_NAME)";
				SWIFT_EMIT_LOC_STRINGS = NO;
				SWIFT_VERSION = 5.0;
				TARGETED_DEVICE_FAMILY = "1,2";
				TEST_TARGET_NAME = NNSCANNER;
			};
			name = Release;
		};
/* End XCBuildConfiguration section */

/* Begin XCConfigurationList section */
		79E6D91E29ED3BBE00530CD2 /* Build configuration list for PBXProject "NNSCANNER" */ = {
			isa = XCConfigurationList;
			buildConfigurations = (
				79E6D94B29ED3BBF00530CD2 /* Debug */,
				79E6D94C29ED3BBF00530CD2 /* Release */,
			);
			defaultConfigurationIsVisible = 0;
			defaultConfigurationName = Release;
		};
		79E6D94D29ED3BBF00530CD2 /* Build configuration list for PBXNativeTarget "NNSCANNER" */ = {
			isa = XCConfigurationList;
			buildConfigurations = (
				79E6D94E29ED3BBF00530CD2 /* Debug */,
				79E6D94F29ED3BBF00530CD2 /* Release */,
			);
			defaultConfigurationIsVisible = 0;
			defaultConfigurationName = Release;
		};
		79E6D95029ED3BBF00530CD2 /* Build configuration list for PBXNativeTarget "NNSCANNERTests" */ = {
			isa = XCConfigurationList;
			buildConfigurations = (
				79E6D95129ED3BBF00530CD2 /* Debug */,
				79E6D95229ED3BBF00530CD2 /* Release */,
			);
			defaultConfigurationIsVisible = 0;
			defaultConfigurationName = Release;
		};
		79E6D95329ED3BBF00530CD2 /* Build configuration list for PBXNativeTarget "NNSCANNERUITests" */ = {
			isa = XCConfigurationList;
			buildConfigurations = (
				79E6D95429ED3BBF00530CD2 /* Debug */,
				79E6D95529ED3BBF00530CD2 /* Release */,
			);
			defaultConfigurationIsVisible = 0;
			defaultConfigurationName = Release;
		};
/* End XCConfigurationList section */

/* Begin XCRemoteSwiftPackageReference section */
		792E5E1F29ED9A690022404B /* XCRemoteSwiftPackageReference "WeScan" */ = {
			isa = XCRemoteSwiftPackageReference;
			repositoryURL = "https://github.com/WeTransfer/WeScan.git";
			requirement = {
				kind = exactVersion;
				version = 2.1.0;
			};
		};
/* End XCRemoteSwiftPackageReference section */

/* Begin XCSwiftPackageProductDependency section */
		792E5E2029ED9A690022404B /* WeScan */ = {
			isa = XCSwiftPackageProductDependency;
			package = 792E5E1F29ED9A690022404B /* XCRemoteSwiftPackageReference "WeScan" */;
			productName = WeScan;
		};
/* End XCSwiftPackageProductDependency section */
	};
	rootObject = 79E6D91B29ED3BBE00530CD2 /* Project object */;
}
